# This file is automatically @generated by Cargo.
# It is not intended for manual editing.
version = 3

[[package]]
name = "project_00_tokio"
version = "0.0.1"

[[package]]
name = "project_01_future"
version = "0.0.1"

[[package]]
name = "project_02_channel"
version = "0.0.1"

[[package]]
name = "project_03_mutex"
version = "0.0.1"

[[package]]
name = "project_04_pollster"
version = "0.0.1"

[[package]]
name = "project_05_spawner"
version = "0.0.1"

[[package]]
name = "project_06_timers"
version = "0.0.1"
